// !$*UTF8*$!
{
	archiveVersion = 1;
	classes = {
	};
	objectVersion = 51;
	objects = {

/* Begin PBXBuildFile section */
		3B13CA1D23BD311C008C7994 /* UIViewController+Extension.swift in Sources */ = {isa = PBXBuildFile; fileRef = 3B13CA1C23BD311C008C7994 /* UIViewController+Extension.swift */; };
		3B13CA1F23BD31E3008C7994 /* AllDetailViewController.swift in Sources */ = {isa = PBXBuildFile; fileRef = 3B13CA1E23BD31E3008C7994 /* AllDetailViewController.swift */; };
		3B48B19923BCE61A00E1EE85 /* MainViewController.swift in Sources */ = {isa = PBXBuildFile; fileRef = 3B48B19823BCE61A00E1EE85 /* MainViewController.swift */; };
		3B48B19B23BCF06300E1EE85 /* UICollectionView+Extension.swift in Sources */ = {isa = PBXBuildFile; fileRef = 3B48B19A23BCF06300E1EE85 /* UICollectionView+Extension.swift */; };
		3B48B19D23BCF0C600E1EE85 /* MainCollectionViewCell.swift in Sources */ = {isa = PBXBuildFile; fileRef = 3B48B19C23BCF0C600E1EE85 /* MainCollectionViewCell.swift */; };
		3B48B19F23BCF45100E1EE85 /* UIView+Extension.swift in Sources */ = {isa = PBXBuildFile; fileRef = 3B48B19E23BCF45100E1EE85 /* UIView+Extension.swift */; };
		3B48B1A823BCF7A800E1EE85 /* SpecificDetailViewController.swift in Sources */ = {isa = PBXBuildFile; fileRef = 3B48B1A723BCF7A800E1EE85 /* SpecificDetailViewController.swift */; };
		3B48B1AA23BCF7F000E1EE85 /* Storyboard+Extension.swift in Sources */ = {isa = PBXBuildFile; fileRef = 3B48B1A923BCF7F000E1EE85 /* Storyboard+Extension.swift */; };
		3B48B1AD23BCFD2B00E1EE85 /* PlaceListViewController.swift in Sources */ = {isa = PBXBuildFile; fileRef = 3B48B1AC23BCFD2B00E1EE85 /* PlaceListViewController.swift */; };
		3B48B1B123BCFF2300E1EE85 /* PlaceListTableViewCell.swift in Sources */ = {isa = PBXBuildFile; fileRef = 3B48B1B023BCFF2300E1EE85 /* PlaceListTableViewCell.swift */; };
		3B48B1B323BCFF3600E1EE85 /* PlaceListCollectionViewCell.swift in Sources */ = {isa = PBXBuildFile; fileRef = 3B48B1B223BCFF3600E1EE85 /* PlaceListCollectionViewCell.swift */; };
		3B48B1B623BCFFF300E1EE85 /* CategoryLayout.swift in Sources */ = {isa = PBXBuildFile; fileRef = 3B48B1B523BCFFF300E1EE85 /* CategoryLayout.swift */; };
		3BCB7A4623BCDA2D0082B5AA /* PlaceDetail.swift in Sources */ = {isa = PBXBuildFile; fileRef = 3BCB7A4523BCDA2D0082B5AA /* PlaceDetail.swift */; };
		3BCB7A4823BCDD7D0082B5AA /* Place.swift in Sources */ = {isa = PBXBuildFile; fileRef = 3BCB7A4723BCDD7D0082B5AA /* Place.swift */; };
		3BCB7A4D23BCE0C00082B5AA /* String+Extension.swift in Sources */ = {isa = PBXBuildFile; fileRef = 3BCB7A4C23BCE0C00082B5AA /* String+Extension.swift */; };
		3BE014C223BC915D00EB89D3 /* AppDelegate.swift in Sources */ = {isa = PBXBuildFile; fileRef = 3BE014C123BC915D00EB89D3 /* AppDelegate.swift */; };
		3BE014C423BC915D00EB89D3 /* SceneDelegate.swift in Sources */ = {isa = PBXBuildFile; fileRef = 3BE014C323BC915D00EB89D3 /* SceneDelegate.swift */; };
		3BE014C923BC915D00EB89D3 /* Main.storyboard in Resources */ = {isa = PBXBuildFile; fileRef = 3BE014C723BC915D00EB89D3 /* Main.storyboard */; };
		3BE014CB23BC915E00EB89D3 /* Assets.xcassets in Resources */ = {isa = PBXBuildFile; fileRef = 3BE014CA23BC915E00EB89D3 /* Assets.xcassets */; };
		3BE014CE23BC915E00EB89D3 /* LaunchScreen.storyboard in Resources */ = {isa = PBXBuildFile; fileRef = 3BE014CC23BC915E00EB89D3 /* LaunchScreen.storyboard */; };
		3BE014D623BC94EC00EB89D3 /* UITableView+Extension.swift in Sources */ = {isa = PBXBuildFile; fileRef = 3BE014D523BC94EC00EB89D3 /* UITableView+Extension.swift */; };
		3BE014D823BC95A100EB89D3 /* NibLoadable.swift in Sources */ = {isa = PBXBuildFile; fileRef = 3BE014D723BC95A100EB89D3 /* NibLoadable.swift */; };
		3BE014DA23BC967A00EB89D3 /* ExpandableCells.swift in Sources */ = {isa = PBXBuildFile; fileRef = 3BE014D923BC967A00EB89D3 /* ExpandableCells.swift */; };
		3BE014DE23BC9D1300EB89D3 /* ExpandableCell2.xib in Resources */ = {isa = PBXBuildFile; fileRef = 3BE014DD23BC9D1300EB89D3 /* ExpandableCell2.xib */; };
		3BE014E023BC9D7000EB89D3 /* ExpandedCell.xib in Resources */ = {isa = PBXBuildFile; fileRef = 3BE014DF23BC9D7000EB89D3 /* ExpandedCell.xib */; };
		8C8A4C02F5A2E87B9E0B66B6 /* Pods_checkmate.framework in Frameworks */ = {isa = PBXBuildFile; fileRef = 8D914F33F05AD17A24617FBC /* Pods_checkmate.framework */; };
/* End PBXBuildFile section */

/* Begin PBXFileReference section */
		3B13CA1C23BD311C008C7994 /* UIViewController+Extension.swift */ = {isa = PBXFileReference; lastKnownFileType = sourcecode.swift; path = "UIViewController+Extension.swift"; sourceTree = "<group>"; };
		3B13CA1E23BD31E3008C7994 /* AllDetailViewController.swift */ = {isa = PBXFileReference; lastKnownFileType = sourcecode.swift; path = AllDetailViewController.swift; sourceTree = "<group>"; };
		3B48B19823BCE61A00E1EE85 /* MainViewController.swift */ = {isa = PBXFileReference; lastKnownFileType = sourcecode.swift; path = MainViewController.swift; sourceTree = "<group>"; };
		3B48B19A23BCF06300E1EE85 /* UICollectionView+Extension.swift */ = {isa = PBXFileReference; lastKnownFileType = sourcecode.swift; path = "UICollectionView+Extension.swift"; sourceTree = "<group>"; };
		3B48B19C23BCF0C600E1EE85 /* MainCollectionViewCell.swift */ = {isa = PBXFileReference; lastKnownFileType = sourcecode.swift; path = MainCollectionViewCell.swift; sourceTree = "<group>"; };
		3B48B19E23BCF45100E1EE85 /* UIView+Extension.swift */ = {isa = PBXFileReference; lastKnownFileType = sourcecode.swift; path = "UIView+Extension.swift"; sourceTree = "<group>"; };
		3B48B1A723BCF7A800E1EE85 /* SpecificDetailViewController.swift */ = {isa = PBXFileReference; lastKnownFileType = sourcecode.swift; path = SpecificDetailViewController.swift; sourceTree = "<group>"; };
		3B48B1A923BCF7F000E1EE85 /* Storyboard+Extension.swift */ = {isa = PBXFileReference; lastKnownFileType = sourcecode.swift; path = "Storyboard+Extension.swift"; sourceTree = "<group>"; };
		3B48B1AC23BCFD2B00E1EE85 /* PlaceListViewController.swift */ = {isa = PBXFileReference; lastKnownFileType = sourcecode.swift; path = PlaceListViewController.swift; sourceTree = "<group>"; };
		3B48B1B023BCFF2300E1EE85 /* PlaceListTableViewCell.swift */ = {isa = PBXFileReference; lastKnownFileType = sourcecode.swift; path = PlaceListTableViewCell.swift; sourceTree = "<group>"; };
		3B48B1B223BCFF3600E1EE85 /* PlaceListCollectionViewCell.swift */ = {isa = PBXFileReference; lastKnownFileType = sourcecode.swift; path = PlaceListCollectionViewCell.swift; sourceTree = "<group>"; };
		3B48B1B523BCFFF300E1EE85 /* CategoryLayout.swift */ = {isa = PBXFileReference; lastKnownFileType = sourcecode.swift; path = CategoryLayout.swift; sourceTree = "<group>"; };
		3BCB7A4523BCDA2D0082B5AA /* PlaceDetail.swift */ = {isa = PBXFileReference; lastKnownFileType = sourcecode.swift; path = PlaceDetail.swift; sourceTree = "<group>"; };
		3BCB7A4723BCDD7D0082B5AA /* Place.swift */ = {isa = PBXFileReference; lastKnownFileType = sourcecode.swift; path = Place.swift; sourceTree = "<group>"; };
		3BCB7A4C23BCE0C00082B5AA /* String+Extension.swift */ = {isa = PBXFileReference; lastKnownFileType = sourcecode.swift; path = "String+Extension.swift"; sourceTree = "<group>"; };
		3BE014BE23BC915D00EB89D3 /* checkmate.app */ = {isa = PBXFileReference; explicitFileType = wrapper.application; includeInIndex = 0; path = checkmate.app; sourceTree = BUILT_PRODUCTS_DIR; };
		3BE014C123BC915D00EB89D3 /* AppDelegate.swift */ = {isa = PBXFileReference; lastKnownFileType = sourcecode.swift; path = AppDelegate.swift; sourceTree = "<group>"; };
		3BE014C323BC915D00EB89D3 /* SceneDelegate.swift */ = {isa = PBXFileReference; lastKnownFileType = sourcecode.swift; path = SceneDelegate.swift; sourceTree = "<group>"; };
		3BE014C823BC915D00EB89D3 /* Base */ = {isa = PBXFileReference; lastKnownFileType = file.storyboard; name = Base; path = Base.lproj/Main.storyboard; sourceTree = "<group>"; };
		3BE014CA23BC915E00EB89D3 /* Assets.xcassets */ = {isa = PBXFileReference; lastKnownFileType = folder.assetcatalog; path = Assets.xcassets; sourceTree = "<group>"; };
		3BE014CD23BC915E00EB89D3 /* Base */ = {isa = PBXFileReference; lastKnownFileType = file.storyboard; name = Base; path = Base.lproj/LaunchScreen.storyboard; sourceTree = "<group>"; };
		3BE014CF23BC915E00EB89D3 /* Info.plist */ = {isa = PBXFileReference; lastKnownFileType = text.plist.xml; path = Info.plist; sourceTree = "<group>"; };
		3BE014D523BC94EC00EB89D3 /* UITableView+Extension.swift */ = {isa = PBXFileReference; lastKnownFileType = sourcecode.swift; path = "UITableView+Extension.swift"; sourceTree = "<group>"; };
		3BE014D723BC95A100EB89D3 /* NibLoadable.swift */ = {isa = PBXFileReference; lastKnownFileType = sourcecode.swift; path = NibLoadable.swift; sourceTree = "<group>"; };
		3BE014D923BC967A00EB89D3 /* ExpandableCells.swift */ = {isa = PBXFileReference; lastKnownFileType = sourcecode.swift; path = ExpandableCells.swift; sourceTree = "<group>"; };
		3BE014DD23BC9D1300EB89D3 /* ExpandableCell2.xib */ = {isa = PBXFileReference; lastKnownFileType = file.xib; path = ExpandableCell2.xib; sourceTree = "<group>"; };
		3BE014DF23BC9D7000EB89D3 /* ExpandedCell.xib */ = {isa = PBXFileReference; lastKnownFileType = file.xib; path = ExpandedCell.xib; sourceTree = "<group>"; };
		8D914F33F05AD17A24617FBC /* Pods_checkmate.framework */ = {isa = PBXFileReference; explicitFileType = wrapper.framework; includeInIndex = 0; path = Pods_checkmate.framework; sourceTree = BUILT_PRODUCTS_DIR; };
		AC661E17F8B1CBB1B16AAB61 /* Pods-checkmate.debug.xcconfig */ = {isa = PBXFileReference; includeInIndex = 1; lastKnownFileType = text.xcconfig; name = "Pods-checkmate.debug.xcconfig"; path = "Target Support Files/Pods-checkmate/Pods-checkmate.debug.xcconfig"; sourceTree = "<group>"; };
		CC9198FF8158F17B77F85745 /* Pods-checkmate.release.xcconfig */ = {isa = PBXFileReference; includeInIndex = 1; lastKnownFileType = text.xcconfig; name = "Pods-checkmate.release.xcconfig"; path = "Target Support Files/Pods-checkmate/Pods-checkmate.release.xcconfig"; sourceTree = "<group>"; };
/* End PBXFileReference section */

/* Begin PBXFrameworksBuildPhase section */
		3BE014BB23BC915D00EB89D3 /* Frameworks */ = {
			isa = PBXFrameworksBuildPhase;
			buildActionMask = 2147483647;
			files = (
				8C8A4C02F5A2E87B9E0B66B6 /* Pods_checkmate.framework in Frameworks */,
			);
			runOnlyForDeploymentPostprocessing = 0;
		};
/* End PBXFrameworksBuildPhase section */

/* Begin PBXGroup section */
		3B48B1A023BCF72100E1EE85 /* Main */ = {
			isa = PBXGroup;
			children = (
				3B48B19823BCE61A00E1EE85 /* MainViewController.swift */,
				3B48B19C23BCF0C600E1EE85 /* MainCollectionViewCell.swift */,
			);
			path = Main;
			sourceTree = "<group>";
		};
		3B48B1A223BCF75100E1EE85 /* Detail */ = {
			isa = PBXGroup;
			children = (
				3B48B1A323BCF75B00E1EE85 /* All */,
				3B48B1A423BCF76000E1EE85 /* Specific */,
			);
			path = Detail;
			sourceTree = "<group>";
		};
		3B48B1A323BCF75B00E1EE85 /* All */ = {
			isa = PBXGroup;
			children = (
				3B13CA1E23BD31E3008C7994 /* AllDetailViewController.swift */,
				3BE014D923BC967A00EB89D3 /* ExpandableCells.swift */,
				3BE014DD23BC9D1300EB89D3 /* ExpandableCell2.xib */,
				3BE014DF23BC9D7000EB89D3 /* ExpandedCell.xib */,
			);
			path = All;
			sourceTree = "<group>";
		};
		3B48B1A423BCF76000E1EE85 /* Specific */ = {
			isa = PBXGroup;
			children = (
				3B48B1A723BCF7A800E1EE85 /* SpecificDetailViewController.swift */,
			);
			path = Specific;
			sourceTree = "<group>";
		};
		3B48B1AB23BCFD1800E1EE85 /* PlaceList */ = {
			isa = PBXGroup;
			children = (
				3B48B1AC23BCFD2B00E1EE85 /* PlaceListViewController.swift */,
				3B48B1B023BCFF2300E1EE85 /* PlaceListTableViewCell.swift */,
				3B48B1B223BCFF3600E1EE85 /* PlaceListCollectionViewCell.swift */,
			);
			path = PlaceList;
			sourceTree = "<group>";
		};
		3B48B1B423BCFFE700E1EE85 /* Layout */ = {
			isa = PBXGroup;
			children = (
				3B48B1B523BCFFF300E1EE85 /* CategoryLayout.swift */,
			);
			path = Layout;
			sourceTree = "<group>";
		};
		3BCB7A4923BCDDA10082B5AA /* Models */ = {
			isa = PBXGroup;
			children = (
				3BCB7A4723BCDD7D0082B5AA /* Place.swift */,
				3BCB7A4523BCDA2D0082B5AA /* PlaceDetail.swift */,
			);
			path = Models;
			sourceTree = "<group>";
		};
		3BCB7A4A23BCDDA50082B5AA /* ViewController */ = {
			isa = PBXGroup;
			children = (
				3B48B1A023BCF72100E1EE85 /* Main */,
				3B48B1AB23BCFD1800E1EE85 /* PlaceList */,
				3B48B1A223BCF75100E1EE85 /* Detail */,
			);
			path = ViewController;
			sourceTree = "<group>";
		};
		3BCB7A4B23BCE0AD0082B5AA /* Extensions */ = {
			isa = PBXGroup;
			children = (
				3BE014D523BC94EC00EB89D3 /* UITableView+Extension.swift */,
				3BCB7A4C23BCE0C00082B5AA /* String+Extension.swift */,
				3B48B19A23BCF06300E1EE85 /* UICollectionView+Extension.swift */,
				3B48B19E23BCF45100E1EE85 /* UIView+Extension.swift */,
				3B48B1A923BCF7F000E1EE85 /* Storyboard+Extension.swift */,
				3B13CA1C23BD311C008C7994 /* UIViewController+Extension.swift */,
			);
			path = Extensions;
			sourceTree = "<group>";
		};
		3BE014B523BC915D00EB89D3 = {
			isa = PBXGroup;
			children = (
				3BE014C023BC915D00EB89D3 /* checkmate */,
				3BE014BF23BC915D00EB89D3 /* Products */,
				B7DEC882AC2B4710F971F04B /* Pods */,
				F496ECB147D389C51F47CC3E /* Frameworks */,
			);
			sourceTree = "<group>";
		};
		3BE014BF23BC915D00EB89D3 /* Products */ = {
			isa = PBXGroup;
			children = (
				3BE014BE23BC915D00EB89D3 /* checkmate.app */,
			);
			name = Products;
			sourceTree = "<group>";
		};
		3BE014C023BC915D00EB89D3 /* checkmate */ = {
			isa = PBXGroup;
			children = (
				3B48B1B423BCFFE700E1EE85 /* Layout */,
				3BCB7A4B23BCE0AD0082B5AA /* Extensions */,
				3BCB7A4A23BCDDA50082B5AA /* ViewController */,
				3BCB7A4923BCDDA10082B5AA /* Models */,
				3BE014C123BC915D00EB89D3 /* AppDelegate.swift */,
				3BE014C323BC915D00EB89D3 /* SceneDelegate.swift */,
				3BE014C723BC915D00EB89D3 /* Main.storyboard */,
				3BE014CA23BC915E00EB89D3 /* Assets.xcassets */,
				3BE014CC23BC915E00EB89D3 /* LaunchScreen.storyboard */,
				3BE014CF23BC915E00EB89D3 /* Info.plist */,
				3BE014D723BC95A100EB89D3 /* NibLoadable.swift */,
			);
			path = checkmate;
			sourceTree = "<group>";
		};
		B7DEC882AC2B4710F971F04B /* Pods */ = {
			isa = PBXGroup;
			children = (
				AC661E17F8B1CBB1B16AAB61 /* Pods-checkmate.debug.xcconfig */,
				CC9198FF8158F17B77F85745 /* Pods-checkmate.release.xcconfig */,
			);
			path = Pods;
			sourceTree = "<group>";
		};
		F496ECB147D389C51F47CC3E /* Frameworks */ = {
			isa = PBXGroup;
			children = (
				8D914F33F05AD17A24617FBC /* Pods_checkmate.framework */,
			);
			name = Frameworks;
			sourceTree = "<group>";
		};
/* End PBXGroup section */

/* Begin PBXNativeTarget section */
		3BE014BD23BC915D00EB89D3 /* checkmate */ = {
			isa = PBXNativeTarget;
			buildConfigurationList = 3BE014D223BC915E00EB89D3 /* Build configuration list for PBXNativeTarget "checkmate" */;
			buildPhases = (
				47C82FB4F7F46C33E4A88AEE /* [CP] Check Pods Manifest.lock */,
				3BE014BA23BC915D00EB89D3 /* Sources */,
				3BE014BB23BC915D00EB89D3 /* Frameworks */,
				3BE014BC23BC915D00EB89D3 /* Resources */,
				8DAA15B44E0F8AF150CCC230 /* [CP] Embed Pods Frameworks */,
			);
			buildRules = (
			);
			dependencies = (
			);
			name = checkmate;
			productName = checkmate;
			productReference = 3BE014BE23BC915D00EB89D3 /* checkmate.app */;
			productType = "com.apple.product-type.application";
		};
/* End PBXNativeTarget section */

/* Begin PBXProject section */
		3BE014B623BC915D00EB89D3 /* Project object */ = {
			isa = PBXProject;
			attributes = {
				LastSwiftUpdateCheck = 1110;
				LastUpgradeCheck = 1110;
				ORGANIZATIONNAME = "강수진";
				TargetAttributes = {
					3BE014BD23BC915D00EB89D3 = {
						CreatedOnToolsVersion = 11.1;
					};
				};
			};
			buildConfigurationList = 3BE014B923BC915D00EB89D3 /* Build configuration list for PBXProject "checkmate" */;
			compatibilityVersion = "Xcode 9.3";
			developmentRegion = en;
			hasScannedForEncodings = 0;
			knownRegions = (
				en,
				Base,
			);
			mainGroup = 3BE014B523BC915D00EB89D3;
			productRefGroup = 3BE014BF23BC915D00EB89D3 /* Products */;
			projectDirPath = "";
			projectRoot = "";
			targets = (
				3BE014BD23BC915D00EB89D3 /* checkmate */,
			);
		};
/* End PBXProject section */

/* Begin PBXResourcesBuildPhase section */
		3BE014BC23BC915D00EB89D3 /* Resources */ = {
			isa = PBXResourcesBuildPhase;
			buildActionMask = 2147483647;
			files = (
				3BE014CE23BC915E00EB89D3 /* LaunchScreen.storyboard in Resources */,
				3BE014E023BC9D7000EB89D3 /* ExpandedCell.xib in Resources */,
				3BE014CB23BC915E00EB89D3 /* Assets.xcassets in Resources */,
				3BE014DE23BC9D1300EB89D3 /* ExpandableCell2.xib in Resources */,
				3BE014C923BC915D00EB89D3 /* Main.storyboard in Resources */,
			);
			runOnlyForDeploymentPostprocessing = 0;
		};
/* End PBXResourcesBuildPhase section */

/* Begin PBXShellScriptBuildPhase section */
		47C82FB4F7F46C33E4A88AEE /* [CP] Check Pods Manifest.lock */ = {
			isa = PBXShellScriptBuildPhase;
			buildActionMask = 2147483647;
			files = (
			);
			inputFileListPaths = (
			);
			inputPaths = (
				"${PODS_PODFILE_DIR_PATH}/Podfile.lock",
				"${PODS_ROOT}/Manifest.lock",
			);
			name = "[CP] Check Pods Manifest.lock";
			outputFileListPaths = (
			);
			outputPaths = (
				"$(DERIVED_FILE_DIR)/Pods-checkmate-checkManifestLockResult.txt",
			);
			runOnlyForDeploymentPostprocessing = 0;
			shellPath = /bin/sh;
			shellScript = "diff \"${PODS_PODFILE_DIR_PATH}/Podfile.lock\" \"${PODS_ROOT}/Manifest.lock\" > /dev/null\nif [ $? != 0 ] ; then\n    # print error to STDERR\n    echo \"error: The sandbox is not in sync with the Podfile.lock. Run 'pod install' or update your CocoaPods installation.\" >&2\n    exit 1\nfi\n# This output is used by Xcode 'outputs' to avoid re-running this script phase.\necho \"SUCCESS\" > \"${SCRIPT_OUTPUT_FILE_0}\"\n";
			showEnvVarsInLog = 0;
		};
		8DAA15B44E0F8AF150CCC230 /* [CP] Embed Pods Frameworks */ = {
			isa = PBXShellScriptBuildPhase;
			buildActionMask = 2147483647;
			files = (
			);
			inputFileListPaths = (
				"${PODS_ROOT}/Target Support Files/Pods-checkmate/Pods-checkmate-frameworks-${CONFIGURATION}-input-files.xcfilelist",
			);
			name = "[CP] Embed Pods Frameworks";
			outputFileListPaths = (
				"${PODS_ROOT}/Target Support Files/Pods-checkmate/Pods-checkmate-frameworks-${CONFIGURATION}-output-files.xcfilelist",
			);
			runOnlyForDeploymentPostprocessing = 0;
			shellPath = /bin/sh;
			shellScript = "\"${PODS_ROOT}/Target Support Files/Pods-checkmate/Pods-checkmate-frameworks.sh\"\n";
			showEnvVarsInLog = 0;
		};
/* End PBXShellScriptBuildPhase section */

/* Begin PBXSourcesBuildPhase section */
		3BE014BA23BC915D00EB89D3 /* Sources */ = {
			isa = PBXSourcesBuildPhase;
			buildActionMask = 2147483647;
			files = (
				3B48B1B623BCFFF300E1EE85 /* CategoryLayout.swift in Sources */,
				3B48B1B123BCFF2300E1EE85 /* PlaceListTableViewCell.swift in Sources */,
				3B48B1B323BCFF3600E1EE85 /* PlaceListCollectionViewCell.swift in Sources */,
				3B48B19F23BCF45100E1EE85 /* UIView+Extension.swift in Sources */,
				3B48B19B23BCF06300E1EE85 /* UICollectionView+Extension.swift in Sources */,
				3B48B1AD23BCFD2B00E1EE85 /* PlaceListViewController.swift in Sources */,
				3BCB7A4D23BCE0C00082B5AA /* String+Extension.swift in Sources */,
				3B13CA1D23BD311C008C7994 /* UIViewController+Extension.swift in Sources */,
				3B48B1A823BCF7A800E1EE85 /* SpecificDetailViewController.swift in Sources */,
				3BE014C223BC915D00EB89D3 /* AppDelegate.swift in Sources */,
				3B48B1AA23BCF7F000E1EE85 /* Storyboard+Extension.swift in Sources */,
				3BE014C423BC915D00EB89D3 /* SceneDelegate.swift in Sources */,
				3BCB7A4823BCDD7D0082B5AA /* Place.swift in Sources */,
				3BE014DA23BC967A00EB89D3 /* ExpandableCells.swift in Sources */,
				3B48B19D23BCF0C600E1EE85 /* MainCollectionViewCell.swift in Sources */,
				3BCB7A4623BCDA2D0082B5AA /* PlaceDetail.swift in Sources */,
				3BE014D823BC95A100EB89D3 /* NibLoadable.swift in Sources */,
				3B13CA1F23BD31E3008C7994 /* AllDetailViewController.swift in Sources */,
				3BE014D623BC94EC00EB89D3 /* UITableView+Extension.swift in Sources */,
				3B48B19923BCE61A00E1EE85 /* MainViewController.swift in Sources */,
			);
			runOnlyForDeploymentPostprocessing = 0;
		};
/* End PBXSourcesBuildPhase section */

/* Begin PBXVariantGroup section */
		3BE014C723BC915D00EB89D3 /* Main.storyboard */ = {
			isa = PBXVariantGroup;
			children = (
				3BE014C823BC915D00EB89D3 /* Base */,
			);
			name = Main.storyboard;
			sourceTree = "<group>";
		};
		3BE014CC23BC915E00EB89D3 /* LaunchScreen.storyboard */ = {
			isa = PBXVariantGroup;
			children = (
				3BE014CD23BC915E00EB89D3 /* Base */,
			);
			name = LaunchScreen.storyboard;
			sourceTree = "<group>";
		};
/* End PBXVariantGroup section */

/* Begin XCBuildConfiguration section */
		3BE014D023BC915E00EB89D3 /* Debug */ = {
			isa = XCBuildConfiguration;
			buildSettings = {
				ALWAYS_SEARCH_USER_PATHS = NO;
				CLANG_ANALYZER_NONNULL = YES;
				CLANG_ANALYZER_NUMBER_OBJECT_CONVERSION = YES_AGGRESSIVE;
				CLANG_CXX_LANGUAGE_STANDARD = "gnu++14";
				CLANG_CXX_LIBRARY = "libc++";
				CLANG_ENABLE_MODULES = YES;
				CLANG_ENABLE_OBJC_ARC = YES;
				CLANG_ENABLE_OBJC_WEAK = YES;
				CLANG_WARN_BLOCK_CAPTURE_AUTORELEASING = YES;
				CLANG_WARN_BOOL_CONVERSION = YES;
				CLANG_WARN_COMMA = YES;
				CLANG_WARN_CONSTANT_CONVERSION = YES;
				CLANG_WARN_DEPRECATED_OBJC_IMPLEMENTATIONS = YES;
				CLANG_WARN_DIRECT_OBJC_ISA_USAGE = YES_ERROR;
				CLANG_WARN_DOCUMENTATION_COMMENTS = YES;
				CLANG_WARN_EMPTY_BODY = YES;
				CLANG_WARN_ENUM_CONVERSION = YES;
				CLANG_WARN_INFINITE_RECURSION = YES;
				CLANG_WARN_INT_CONVERSION = YES;
				CLANG_WARN_NON_LITERAL_NULL_CONVERSION = YES;
				CLANG_WARN_OBJC_IMPLICIT_RETAIN_SELF = YES;
				CLANG_WARN_OBJC_LITERAL_CONVERSION = YES;
				CLANG_WARN_OBJC_ROOT_CLASS = YES_ERROR;
				CLANG_WARN_RANGE_LOOP_ANALYSIS = YES;
				CLANG_WARN_STRICT_PROTOTYPES = YES;
				CLANG_WARN_SUSPICIOUS_MOVE = YES;
				CLANG_WARN_UNGUARDED_AVAILABILITY = YES_AGGRESSIVE;
				CLANG_WARN_UNREACHABLE_CODE = YES;
				CLANG_WARN__DUPLICATE_METHOD_MATCH = YES;
				COPY_PHASE_STRIP = NO;
				DEBUG_INFORMATION_FORMAT = dwarf;
				ENABLE_STRICT_OBJC_MSGSEND = YES;
				ENABLE_TESTABILITY = YES;
				GCC_C_LANGUAGE_STANDARD = gnu11;
				GCC_DYNAMIC_NO_PIC = NO;
				GCC_NO_COMMON_BLOCKS = YES;
				GCC_OPTIMIZATION_LEVEL = 0;
				GCC_PREPROCESSOR_DEFINITIONS = (
					"DEBUG=1",
					"$(inherited)",
				);
				GCC_WARN_64_TO_32_BIT_CONVERSION = YES;
				GCC_WARN_ABOUT_RETURN_TYPE = YES_ERROR;
				GCC_WARN_UNDECLARED_SELECTOR = YES;
				GCC_WARN_UNINITIALIZED_AUTOS = YES_AGGRESSIVE;
				GCC_WARN_UNUSED_FUNCTION = YES;
				GCC_WARN_UNUSED_VARIABLE = YES;
				IPHONEOS_DEPLOYMENT_TARGET = 13.1;
				MTL_ENABLE_DEBUG_INFO = INCLUDE_SOURCE;
				MTL_FAST_MATH = YES;
				ONLY_ACTIVE_ARCH = YES;
				SDKROOT = iphoneos;
				SWIFT_ACTIVE_COMPILATION_CONDITIONS = DEBUG;
				SWIFT_OPTIMIZATION_LEVEL = "-Onone";
			};
			name = Debug;
		};
		3BE014D123BC915E00EB89D3 /* Release */ = {
			isa = XCBuildConfiguration;
			buildSettings = {
				ALWAYS_SEARCH_USER_PATHS = NO;
				CLANG_ANALYZER_NONNULL = YES;
				CLANG_ANALYZER_NUMBER_OBJECT_CONVERSION = YES_AGGRESSIVE;
				CLANG_CXX_LANGUAGE_STANDARD = "gnu++14";
				CLANG_CXX_LIBRARY = "libc++";
				CLANG_ENABLE_MODULES = YES;
				CLANG_ENABLE_OBJC_ARC = YES;
				CLANG_ENABLE_OBJC_WEAK = YES;
				CLANG_WARN_BLOCK_CAPTURE_AUTORELEASING = YES;
				CLANG_WARN_BOOL_CONVERSION = YES;
				CLANG_WARN_COMMA = YES;
				CLANG_WARN_CONSTANT_CONVERSION = YES;
				CLANG_WARN_DEPRECATED_OBJC_IMPLEMENTATIONS = YES;
				CLANG_WARN_DIRECT_OBJC_ISA_USAGE = YES_ERROR;
				CLANG_WARN_DOCUMENTATION_COMMENTS = YES;
				CLANG_WARN_EMPTY_BODY = YES;
				CLANG_WARN_ENUM_CONVERSION = YES;
				CLANG_WARN_INFINITE_RECURSION = YES;
				CLANG_WARN_INT_CONVERSION = YES;
				CLANG_WARN_NON_LITERAL_NULL_CONVERSION = YES;
				CLANG_WARN_OBJC_IMPLICIT_RETAIN_SELF = YES;
				CLANG_WARN_OBJC_LITERAL_CONVERSION = YES;
				CLANG_WARN_OBJC_ROOT_CLASS = YES_ERROR;
				CLANG_WARN_RANGE_LOOP_ANALYSIS = YES;
				CLANG_WARN_STRICT_PROTOTYPES = YES;
				CLANG_WARN_SUSPICIOUS_MOVE = YES;
				CLANG_WARN_UNGUARDED_AVAILABILITY = YES_AGGRESSIVE;
				CLANG_WARN_UNREACHABLE_CODE = YES;
				CLANG_WARN__DUPLICATE_METHOD_MATCH = YES;
				COPY_PHASE_STRIP = NO;
				DEBUG_INFORMATION_FORMAT = "dwarf-with-dsym";
				ENABLE_NS_ASSERTIONS = NO;
				ENABLE_STRICT_OBJC_MSGSEND = YES;
				GCC_C_LANGUAGE_STANDARD = gnu11;
				GCC_NO_COMMON_BLOCKS = YES;
				GCC_WARN_64_TO_32_BIT_CONVERSION = YES;
				GCC_WARN_ABOUT_RETURN_TYPE = YES_ERROR;
				GCC_WARN_UNDECLARED_SELECTOR = YES;
				GCC_WARN_UNINITIALIZED_AUTOS = YES_AGGRESSIVE;
				GCC_WARN_UNUSED_FUNCTION = YES;
				GCC_WARN_UNUSED_VARIABLE = YES;
				IPHONEOS_DEPLOYMENT_TARGET = 13.1;
				MTL_ENABLE_DEBUG_INFO = NO;
				MTL_FAST_MATH = YES;
				SDKROOT = iphoneos;
				SWIFT_COMPILATION_MODE = wholemodule;
				SWIFT_OPTIMIZATION_LEVEL = "-O";
				VALIDATE_PRODUCT = YES;
			};
			name = Release;
		};
		3BE014D323BC915E00EB89D3 /* Debug */ = {
			isa = XCBuildConfiguration;
			baseConfigurationReference = AC661E17F8B1CBB1B16AAB61 /* Pods-checkmate.debug.xcconfig */;
			buildSettings = {
				ASSETCATALOG_COMPILER_APPICON_NAME = AppIcon;
				CODE_SIGN_STYLE = Automatic;
				DEVELOPMENT_TEAM = Y4XABUQ539;
				INFOPLIST_FILE = checkmate/Info.plist;
				LD_RUNPATH_SEARCH_PATHS = (
					"$(inherited)",
					"@executable_path/Frameworks",
				);
				PRODUCT_BUNDLE_IDENTIFIER = com.sujinnaljin.checkmate;
				PRODUCT_NAME = "$(TARGET_NAME)";
				SWIFT_VERSION = 5.0;
				TARGETED_DEVICE_FAMILY = "1,2";
			};
			name = Debug;
		};
		3BE014D423BC915E00EB89D3 /* Release */ = {
			isa = XCBuildConfiguration;
			baseConfigurationReference = CC9198FF8158F17B77F85745 /* Pods-checkmate.release.xcconfig */;
			buildSettings = {
				ASSETCATALOG_COMPILER_APPICON_NAME = AppIcon;
				CODE_SIGN_STYLE = Automatic;
				DEVELOPMENT_TEAM = Y4XABUQ539;
				INFOPLIST_FILE = checkmate/Info.plist;
				LD_RUNPATH_SEARCH_PATHS = (
					"$(inherited)",
					"@executable_path/Frameworks",
				);
				PRODUCT_BUNDLE_IDENTIFIER = com.sujinnaljin.checkmate;
				PRODUCT_NAME = "$(TARGET_NAME)";
				SWIFT_VERSION = 5.0;
				TARGETED_DEVICE_FAMILY = "1,2";
			};
			name = Release;
		};
/* End XCBuildConfiguration section */

/* Begin XCConfigurationList section */
		3BE014B923BC915D00EB89D3 /* Build configuration list for PBXProject "checkmate" */ = {
			isa = XCConfigurationList;
			buildConfigurations = (
				3BE014D023BC915E00EB89D3 /* Debug */,
				3BE014D123BC915E00EB89D3 /* Release */,
			);
			defaultConfigurationIsVisible = 0;
			defaultConfigurationName = Release;
		};
		3BE014D223BC915E00EB89D3 /* Build configuration list for PBXNativeTarget "checkmate" */ = {
			isa = XCConfigurationList;
			buildConfigurations = (
				3BE014D323BC915E00EB89D3 /* Debug */,
				3BE014D423BC915E00EB89D3 /* Release */,
			);
			defaultConfigurationIsVisible = 0;
			defaultConfigurationName = Release;
		};
/* End XCConfigurationList section */
	};
	rootObject = 3BE014B623BC915D00EB89D3 /* Project object */;
}
